{
  "name": "skill-shed",
  "version": "0.0.1",
  "lockfileVersion": 3,
  "requires": true,
  "packages": {
    "": {
      "name": "skill-shed",
      "version": "0.0.1",
      "license": "GPL-3.0",
      "devDependencies": {
        "@typescript/native-preview": "7.0.0-dev.20260324.1"
      },
      "engines": {
        "node": ">=24"
      }
    },
    "node_modules/@typescript/native-preview": {
      "version": "7.0.0-dev.20260324.1",
      "resolved": "https://registry.npmjs.org/@typescript/native-preview/-/native-preview-7.0.0-dev.20260324.1.tgz",
      "integrity": "sha512-AzuC/jEAucVCay7ckwexa8Ao4NfDUeVYBTIxGG9fc1qh2q1JphdUW50PLRyNJXCDcnLtghSIDBi+wfFgVBtcMQ==",
      "dev": true,
      "license": "Apache-2.0",
      "bin": {
        "tsgo": "bin/tsgo.js"
      },
      "optionalDependencies": {
        "@typescript/native-preview-darwin-arm64": "7.0.0-dev.20260324.1",
        "@typescript/native-preview-darwin-x64": "7.0.0-dev.20260324.1",
        "@typescript/native-preview-linux-arm": "7.0.0-dev.20260324.1",
        "@typescript/native-preview-linux-arm64": "7.0.0-dev.20260324.1",
        "@typescript/native-preview-linux-x64": "7.0.0-dev.20260324.1",
        "@typescript/native-preview-win32-arm64": "7.0.0-dev.20260324.1",
        "@typescript/native-preview-win32-x64": "7.0.0-dev.20260324.1"
      }
    },
    "node_modules/@typescript/native-preview-darwin-arm64": {
      "version": "7.0.0-dev.20260324.1",
      "resolved": "https://registry.npmjs.org/@typescript/native-preview-darwin-arm64/-/native-preview-darwin-arm64-7.0.0-dev.20260324.1.tgz",
      "integrity": "sha512-Yg4zANP69mquBH4VwgfaSGj98Bc1o1mKFX4kk6WFEGvUX7BKvakiMXmKRKc79zY8HtpSKXiqTYcbOtumoRKfTA==",
      "cpu": [
        "arm64"
      ],
      "dev": true,
      "license": "Apache-2.0",
      "optional": true,
      "os": [
        "darwin"
      ]
    },
    "node_modules/@typescript/native-preview-darwin-x64": {
      "version": "7.0.0-dev.20260324.1",
      "resolved": "https://registry.npmjs.org/@typescript/native-preview-darwin-x64/-/native-preview-darwin-x64-7.0.0-dev.20260324.1.tgz",
      "integrity": "sha512-hlMIJQjlbwNTH3iS8IivAxeu7I4OLm645kErSynAR4i8O6lZiSeaZndUqIDYx/+er4bb01X0Fnxa8BTW2Emv2A==",
      "cpu": [
        "x64"
      ],
      "dev": true,
      "license": "Apache-2.0",
      "optional": true,
      "os": [
        "darwin"
      ]
    },
    "node_modules/@typescript/native-preview-linux-arm": {
      "version": "7.0.0-dev.20260324.1",
      "resolved": "https://registry.npmjs.org/@typescript/native-preview-linux-arm/-/native-preview-linux-arm-7.0.0-dev.20260324.1.tgz",
      "integrity": "sha512-uWcNrDuCdJb3TCAWI7TvrEzgluDiWmnNFeyE48mlgiVpcf7XVD9PwD0AIxvlO27NyF+NkQ3guHFssmjkhi0E9w==",
      "cpu": [
        "arm"
      ],
      "dev": true,
      "license": "Apache-2.0",
      "optional": true,
      "os": [
        "linux"
      ]
    },
    "node_modules/@typescript/native-preview-linux-arm64": {
      "version": "7.0.0-dev.20260324.1",
      "resolved": "https://registry.npmjs.org/@typescript/native-preview-linux-arm64/-/native-preview-linux-arm64-7.0.0-dev.20260324.1.tgz",
      "integrity": "sha512-1oCTzfOOujaa0DhFj7epM3xqhoI4l+d2f584zeQjPCvk8FJBj4kwfOMZV139bEe+G5IoGsvhJzzRYzfu2diZkA==",
      "cpu": [
        "arm64"
      ],
      "dev": true,
      "license": "Apache-2.0",
      "optional": true,
      "os": [
        "linux"
      ]
    },
    "node_modules/@typescript/native-preview-linux-x64": {
      "version": "7.0.0-dev.20260324.1",
      "resolved": "https://registry.npmjs.org/@typescript/native-preview-linux-x64/-/native-preview-linux-x64-7.0.0-dev.20260324.1.tgz",
      "integrity": "sha512-MzGh802vVwm9pCuFD6n7MrfaHn44ewayqZ5MSnSMmOZZzaOGwmGCCNDJUvsSsDSwIrYt8bU6LbUxx7TvlpJ8dQ==",
      "cpu": [
        "x64"
      ],
      "dev": true,
      "license": "Apache-2.0",
      "optional": true,
      "os": [
        "linux"
      ]
    },
    "node_modules/@typescript/native-preview-win32-arm64": {
      "version": "7.0.0-dev.20260324.1",
      "resolved": "https://registry.npmjs.org/@typescript/native-preview-win32-arm64/-/native-preview-win32-arm64-7.0.0-dev.20260324.1.tgz",
      "integrity": "sha512-CyxCw3Rj+nqI2cVP4CmdEAn+8UkGJM1vWmNQ2q3z5ZF3V+JdnlmhALEzk4bu0ddu5pyHwM1fOHLsD7xcGUcKtQ==",
      "cpu": [
        "arm64"
      ],
      "dev": true,
      "license": "Apache-2.0",
      "optional": true,
      "os": [
        "win32"
      ]
    },
    "node_modules/@typescript/native-preview-win32-x64": {
      "version": "7.0.0-dev.20260324.1",
      "resolved": "https://registry.npmjs.org/@typescript/native-preview-win32-x64/-/native-preview-win32-x64-7.0.0-dev.20260324.1.tgz",
      "integrity": "sha512-6J8V5cHOrh7Cjl6lv8+zsDY5NkbMYBwXroKlFUzThZ7vpJlEaa51DPQyCyILIXodv5XODd5arRcbaY+cC6Et8Q==",
      "cpu": [
        "x64"
      ],
      "dev": true,
      "license": "Apache-2.0",
      "optional": true,
      "os": [
        "win32"
      ]
    }
  }
}
